
Microsoft Visual Studio Solution File, Format Version 12.00
# Visual Studio 2013
VisualStudioVersion = 12.0.40629.0
MinimumVisualStudioVersion = 10.0.40219.1
Project("{FAE04EC0-301F-11D3-BF4B-00C04F79EFBC}") = "AppSampleCWS.Droid", "AppSampleCWS\AppSampleCWS.Droid\AppSampleCWS.Droid.csproj", "{7942E3F1-0E5D-4519-87E9-D941FC2BE328}"
EndProject
Project("{FAE04EC0-301F-11D3-BF4B-00C04F79EFBC}") = "AppSampleCWS.iOS", "AppSampleCWS\AppSampleCWS.iOS\AppSampleCWS.iOS.csproj", "{D569A8EF-2EC4-4D93-9845-E9AA8CA77015}"
EndProject
Project("{FAE04EC0-301F-11D3-BF4B-00C04F79EFBC}") = "AppSampleCWS.WinPhone", "AppSampleCWS\AppSampleCWS.WinPhone\AppSampleCWS.WinPhone.csproj", "{7B4291F3-DDE6-4580-96D6-806FE638362F}"
EndProject
Project("{FAE04EC0-301F-11D3-BF4B-00C04F79EFBC}") = "AppSampleCWS.Windows", "AppSampleCWS\AppSampleCWS.Windows\AppSampleCWS.Windows.csproj", "{D0C50657-6AF3-438A-A7E5-42A67BB17909}"
EndProject
Project("{FAE04EC0-301F-11D3-BF4B-00C04F79EFBC}") = "AppSampleCWS", "AppSampleCWS\AppSampleCWS\AppSampleCWS.csproj", "{2ACEF4AE-AA2A-423B-87CC-C18C7BAEC2EE}"
EndProject
Global
	GlobalSection(SolutionConfigurationPlatforms) = preSolution
		Ad-Hoc|Any CPU = Ad-Hoc|Any CPU
		Ad-Hoc|ARM = Ad-Hoc|ARM
		Ad-Hoc|iPhone = Ad-Hoc|iPhone
		Ad-Hoc|iPhoneSimulator = Ad-Hoc|iPhoneSimulator
		Ad-Hoc|Mixed Platforms = Ad-Hoc|Mixed Platforms
		Ad-Hoc|x64 = Ad-Hoc|x64
		Ad-Hoc|x86 = Ad-Hoc|x86
		AppStore|Any CPU = AppStore|Any CPU
		AppStore|ARM = AppStore|ARM
		AppStore|iPhone = AppStore|iPhone
		AppStore|iPhoneSimulator = AppStore|iPhoneSimulator
		AppStore|Mixed Platforms = AppStore|Mixed Platforms
		AppStore|x64 = AppStore|x64
		AppStore|x86 = AppStore|x86
		Debug|Any CPU = Debug|Any CPU
		Debug|ARM = Debug|ARM
		Debug|iPhone = Debug|iPhone
		Debug|iPhoneSimulator = Debug|iPhoneSimulator
		Debug|Mixed Platforms = Debug|Mixed Platforms
		Debug|x64 = Debug|x64
		Debug|x86 = Debug|x86
		Release|Any CPU = Release|Any CPU
		Release|ARM = Release|ARM
		Release|iPhone = Release|iPhone
		Release|iPhoneSimulator = Release|iPhoneSimulator
		Release|Mixed Platforms = Release|Mixed Platforms
		Release|x64 = Release|x64
		Release|x86 = Release|x86
	EndGlobalSection
	GlobalSection(ProjectConfigurationPlatforms) = postSolution
		{7942E3F1-0E5D-4519-87E9-D941FC2BE328}.Ad-Hoc|Any CPU.ActiveCfg = Release|Any CPU
		{7942E3F1-0E5D-4519-87E9-D941FC2BE328}.Ad-Hoc|Any CPU.Build.0 = Release|Any CPU
		{7942E3F1-0E5D-4519-87E9-D941FC2BE328}.Ad-Hoc|Any CPU.Deploy.0 = Release|Any CPU
		{7942E3F1-0E5D-4519-87E9-D941FC2BE328}.Ad-Hoc|ARM.ActiveCfg = Release|Any CPU
		{7942E3F1-0E5D-4519-87E9-D941FC2BE328}.Ad-Hoc|iPhone.ActiveCfg = Release|Any CPU
		{7942E3F1-0E5D-4519-87E9-D941FC2BE328}.Ad-Hoc|iPhoneSimulator.ActiveCfg = Release|Any CPU
		{7942E3F1-0E5D-4519-87E9-D941FC2BE328}.Ad-Hoc|Mixed Platforms.ActiveCfg = Release|Any CPU
		{7942E3F1-0E5D-4519-87E9-D941FC2BE328}.Ad-Hoc|Mixed Platforms.Build.0 = Release|Any CPU
		{7942E3F1-0E5D-4519-87E9-D941FC2BE328}.Ad-Hoc|Mixed Platforms.Deploy.0 = Release|Any CPU
		{7942E3F1-0E5D-4519-87E9-D941FC2BE328}.Ad-Hoc|x64.ActiveCfg = Release|Any CPU
		{7942E3F1-0E5D-4519-87E9-D941FC2BE328}.Ad-Hoc|x86.ActiveCfg = Release|Any CPU
		{7942E3F1-0E5D-4519-87E9-D941FC2BE328}.AppStore|Any CPU.ActiveCfg = Release|Any CPU
		{7942E3F1-0E5D-4519-87E9-D941FC2BE328}.AppStore|Any CPU.Build.0 = Release|Any CPU
		{7942E3F1-0E5D-4519-87E9-D941FC2BE328}.AppStore|Any CPU.Deploy.0 = Release|Any CPU
		{7942E3F1-0E5D-4519-87E9-D941FC2BE328}.AppStore|ARM.ActiveCfg = Release|Any CPU
		{7942E3F1-0E5D-4519-87E9-D941FC2BE328}.AppStore|iPhone.ActiveCfg = Release|Any CPU
		{7942E3F1-0E5D-4519-87E9-D941FC2BE328}.AppStore|iPhoneSimulator.ActiveCfg = Release|Any CPU
		{7942E3F1-0E5D-4519-87E9-D941FC2BE328}.AppStore|Mixed Platforms.ActiveCfg = Release|Any CPU
		{7942E3F1-0E5D-4519-87E9-D941FC2BE328}.AppStore|Mixed Platforms.Build.0 = Release|Any CPU
		{7942E3F1-0E5D-4519-87E9-D941FC2BE328}.AppStore|Mixed Platforms.Deploy.0 = Release|Any CPU
		{7942E3F1-0E5D-4519-87E9-D941FC2BE328}.AppStore|x64.ActiveCfg = Release|Any CPU
		{7942E3F1-0E5D-4519-87E9-D941FC2BE328}.AppStore|x86.ActiveCfg = Release|Any CPU
		{7942E3F1-0E5D-4519-87E9-D941FC2BE328}.Debug|Any CPU.ActiveCfg = Debug|Any CPU
		{7942E3F1-0E5D-4519-87E9-D941FC2BE328}.Debug|Any CPU.Build.0 = Debug|Any CPU
		{7942E3F1-0E5D-4519-87E9-D941FC2BE328}.Debug|Any CPU.Deploy.0 = Debug|Any CPU
		{7942E3F1-0E5D-4519-87E9-D941FC2BE328}.Debug|ARM.ActiveCfg = Debug|Any CPU
		{7942E3F1-0E5D-4519-87E9-D941FC2BE328}.Debug|iPhone.ActiveCfg = Debug|Any CPU
		{7942E3F1-0E5D-4519-87E9-D941FC2BE328}.Debug|iPhoneSimulator.ActiveCfg = Debug|Any CPU
		{7942E3F1-0E5D-4519-87E9-D941FC2BE328}.Debug|Mixed Platforms.ActiveCfg = Debug|Any CPU
		{7942E3F1-0E5D-4519-87E9-D941FC2BE328}.Debug|Mixed Platforms.Build.0 = Debug|Any CPU
		{7942E3F1-0E5D-4519-87E9-D941FC2BE328}.Debug|Mixed Platforms.Deploy.0 = Debug|Any CPU
		{7942E3F1-0E5D-4519-87E9-D941FC2BE328}.Debug|x64.ActiveCfg = Debug|Any CPU
		{7942E3F1-0E5D-4519-87E9-D941FC2BE328}.Debug|x86.ActiveCfg = Debug|Any CPU
		{7942E3F1-0E5D-4519-87E9-D941FC2BE328}.Release|Any CPU.ActiveCfg = Release|Any CPU
		{7942E3F1-0E5D-4519-87E9-D941FC2BE328}.Release|Any CPU.Build.0 = Release|Any CPU
		{7942E3F1-0E5D-4519-87E9-D941FC2BE328}.Release|Any CPU.Deploy.0 = Release|Any CPU
		{7942E3F1-0E5D-4519-87E9-D941FC2BE328}.Release|ARM.ActiveCfg = Release|Any CPU
		{7942E3F1-0E5D-4519-87E9-D941FC2BE328}.Release|iPhone.ActiveCfg = Release|Any CPU
		{7942E3F1-0E5D-4519-87E9-D941FC2BE328}.Release|iPhoneSimulator.ActiveCfg = Release|Any CPU
		{7942E3F1-0E5D-4519-87E9-D941FC2BE328}.Release|Mixed Platforms.ActiveCfg = Release|Any CPU
		{7942E3F1-0E5D-4519-87E9-D941FC2BE328}.Release|Mixed Platforms.Build.0 = Release|Any CPU
		{7942E3F1-0E5D-4519-87E9-D941FC2BE328}.Release|Mixed Platforms.Deploy.0 = Release|Any CPU
		{7942E3F1-0E5D-4519-87E9-D941FC2BE328}.Release|x64.ActiveCfg = Release|Any CPU
		{7942E3F1-0E5D-4519-87E9-D941FC2BE328}.Release|x86.ActiveCfg = Release|Any CPU
		{D569A8EF-2EC4-4D93-9845-E9AA8CA77015}.Ad-Hoc|Any CPU.ActiveCfg = Ad-Hoc|iPhone
		{D569A8EF-2EC4-4D93-9845-E9AA8CA77015}.Ad-Hoc|ARM.ActiveCfg = Ad-Hoc|iPhone
		{D569A8EF-2EC4-4D93-9845-E9AA8CA77015}.Ad-Hoc|iPhone.ActiveCfg = Ad-Hoc|iPhone
		{D569A8EF-2EC4-4D93-9845-E9AA8CA77015}.Ad-Hoc|iPhone.Build.0 = Ad-Hoc|iPhone
		{D569A8EF-2EC4-4D93-9845-E9AA8CA77015}.Ad-Hoc|iPhoneSimulator.ActiveCfg = Ad-Hoc|iPhoneSimulator
		{D569A8EF-2EC4-4D93-9845-E9AA8CA77015}.Ad-Hoc|iPhoneSimulator.Build.0 = Ad-Hoc|iPhoneSimulator
		{D569A8EF-2EC4-4D93-9845-E9AA8CA77015}.Ad-Hoc|Mixed Platforms.ActiveCfg = Ad-Hoc|iPhone
		{D569A8EF-2EC4-4D93-9845-E9AA8CA77015}.Ad-Hoc|Mixed Platforms.Build.0 = Ad-Hoc|iPhone
		{D569A8EF-2EC4-4D93-9845-E9AA8CA77015}.Ad-Hoc|x64.ActiveCfg = Ad-Hoc|iPhone
		{D569A8EF-2EC4-4D93-9845-E9AA8CA77015}.Ad-Hoc|x86.ActiveCfg = Ad-Hoc|iPhone
		{D569A8EF-2EC4-4D93-9845-E9AA8CA77015}.AppStore|Any CPU.ActiveCfg = AppStore|iPhone
		{D569A8EF-2EC4-4D93-9845-E9AA8CA77015}.AppStore|ARM.ActiveCfg = AppStore|iPhone
		{D569A8EF-2EC4-4D93-9845-E9AA8CA77015}.AppStore|iPhone.ActiveCfg = AppStore|iPhone
		{D569A8EF-2EC4-4D93-9845-E9AA8CA77015}.AppStore|iPhone.Build.0 = AppStore|iPhone
		{D569A8EF-2EC4-4D93-9845-E9AA8CA77015}.AppStore|iPhoneSimulator.ActiveCfg = AppStore|iPhoneSimulator
		{D569A8EF-2EC4-4D93-9845-E9AA8CA77015}.AppStore|iPhoneSimulator.Build.0 = AppStore|iPhoneSimulator
		{D569A8EF-2EC4-4D93-9845-E9AA8CA77015}.AppStore|Mixed Platforms.ActiveCfg = AppStore|iPhone
		{D569A8EF-2EC4-4D93-9845-E9AA8CA77015}.AppStore|Mixed Platforms.Build.0 = AppStore|iPhone
		{D569A8EF-2EC4-4D93-9845-E9AA8CA77015}.AppStore|x64.ActiveCfg = AppStore|iPhone
		{D569A8EF-2EC4-4D93-9845-E9AA8CA77015}.AppStore|x86.ActiveCfg = AppStore|iPhone
		{D569A8EF-2EC4-4D93-9845-E9AA8CA77015}.Debug|Any CPU.ActiveCfg = Debug|iPhone
		{D569A8EF-2EC4-4D93-9845-E9AA8CA77015}.Debug|ARM.ActiveCfg = Debug|iPhone
		{D569A8EF-2EC4-4D93-9845-E9AA8CA77015}.Debug|iPhone.ActiveCfg = Debug|iPhone
		{D569A8EF-2EC4-4D93-9845-E9AA8CA77015}.Debug|iPhone.Build.0 = Debug|iPhone
		{D569A8EF-2EC4-4D93-9845-E9AA8CA77015}.Debug|iPhoneSimulator.ActiveCfg = Debug|iPhoneSimulator
		{D569A8EF-2EC4-4D93-9845-E9AA8CA77015}.Debug|iPhoneSimulator.Build.0 = Debug|iPhoneSimulator
		{D569A8EF-2EC4-4D93-9845-E9AA8CA77015}.Debug|Mixed Platforms.ActiveCfg = Debug|iPhone
		{D569A8EF-2EC4-4D93-9845-E9AA8CA77015}.Debug|Mixed Platforms.Build.0 = Debug|iPhone
		{D569A8EF-2EC4-4D93-9845-E9AA8CA77015}.Debug|x64.ActiveCfg = Debug|iPhone
		{D569A8EF-2EC4-4D93-9845-E9AA8CA77015}.Debug|x86.ActiveCfg = Debug|iPhone
		{D569A8EF-2EC4-4D93-9845-E9AA8CA77015}.Release|Any CPU.ActiveCfg = Release|iPhone
		{D569A8EF-2EC4-4D93-9845-E9AA8CA77015}.Release|ARM.ActiveCfg = Release|iPhone
		{D569A8EF-2EC4-4D93-9845-E9AA8CA77015}.Release|iPhone.ActiveCfg = Release|iPhone
		{D569A8EF-2EC4-4D93-9845-E9AA8CA77015}.Release|iPhone.Build.0 = Release|iPhone
		{D569A8EF-2EC4-4D93-9845-E9AA8CA77015}.Release|iPhoneSimulator.ActiveCfg = Release|iPhoneSimulator
		{D569A8EF-2EC4-4D93-9845-E9AA8CA77015}.Release|iPhoneSimulator.Build.0 = Release|iPhoneSimulator
		{D569A8EF-2EC4-4D93-9845-E9AA8CA77015}.Release|Mixed Platforms.ActiveCfg = Release|iPhone
		{D569A8EF-2EC4-4D93-9845-E9AA8CA77015}.Release|Mixed Platforms.Build.0 = Release|iPhone
		{D569A8EF-2EC4-4D93-9845-E9AA8CA77015}.Release|x64.ActiveCfg = Release|iPhone
		{D569A8EF-2EC4-4D93-9845-E9AA8CA77015}.Release|x86.ActiveCfg = Release|iPhone
		{7B4291F3-DDE6-4580-96D6-806FE638362F}.Ad-Hoc|Any CPU.ActiveCfg = Release|Any CPU
		{7B4291F3-DDE6-4580-96D6-806FE638362F}.Ad-Hoc|Any CPU.Build.0 = Release|Any CPU
		{7B4291F3-DDE6-4580-96D6-806FE638362F}.Ad-Hoc|Any CPU.Deploy.0 = Release|Any CPU
		{7B4291F3-DDE6-4580-96D6-806FE638362F}.Ad-Hoc|ARM.ActiveCfg = Release|ARM
		{7B4291F3-DDE6-4580-96D6-806FE638362F}.Ad-Hoc|ARM.Build.0 = Release|ARM
		{7B4291F3-DDE6-4580-96D6-806FE638362F}.Ad-Hoc|ARM.Deploy.0 = Release|ARM
		{7B4291F3-DDE6-4580-96D6-806FE638362F}.Ad-Hoc|iPhone.ActiveCfg = Release|Any CPU
		{7B4291F3-DDE6-4580-96D6-806FE638362F}.Ad-Hoc|iPhoneSimulator.ActiveCfg = Release|Any CPU
		{7B4291F3-DDE6-4580-96D6-806FE638362F}.Ad-Hoc|Mixed Platforms.ActiveCfg = Release|x86
		{7B4291F3-DDE6-4580-96D6-806FE638362F}.Ad-Hoc|Mixed Platforms.Build.0 = Release|x86
		{7B4291F3-DDE6-4580-96D6-806FE638362F}.Ad-Hoc|Mixed Platforms.Deploy.0 = Release|x86
		{7B4291F3-DDE6-4580-96D6-806FE638362F}.Ad-Hoc|x64.ActiveCfg = Release|Any CPU
		{7B4291F3-DDE6-4580-96D6-806FE638362F}.Ad-Hoc|x86.ActiveCfg = Release|x86
		{7B4291F3-DDE6-4580-96D6-806FE638362F}.Ad-Hoc|x86.Build.0 = Release|x86
		{7B4291F3-DDE6-4580-96D6-806FE638362F}.Ad-Hoc|x86.Deploy.0 = Release|x86
		{7B4291F3-DDE6-4580-96D6-806FE638362F}.AppStore|Any CPU.ActiveCfg = Release|Any CPU
		{7B4291F3-DDE6-4580-96D6-806FE638362F}.AppStore|Any CPU.Build.0 = Release|Any CPU
		{7B4291F3-DDE6-4580-96D6-806FE638362F}.AppStore|Any CPU.Deploy.0 = Release|Any CPU
		{7B4291F3-DDE6-4580-96D6-806FE638362F}.AppStore|ARM.ActiveCfg = Release|ARM
		{7B4291F3-DDE6-4580-96D6-806FE638362F}.AppStore|ARM.Build.0 = Release|ARM
		{7B4291F3-DDE6-4580-96D6-806FE638362F}.AppStore|ARM.Deploy.0 = Release|ARM
		{7B4291F3-DDE6-4580-96D6-806FE638362F}.AppStore|iPhone.ActiveCfg = Release|Any CPU
		{7B4291F3-DDE6-4580-96D6-806FE638362F}.AppStore|iPhoneSimulator.ActiveCfg = Release|Any CPU
		{7B4291F3-DDE6-4580-96D6-806FE638362F}.AppStore|Mixed Platforms.ActiveCfg = Release|x86
		{7B4291F3-DDE6-4580-96D6-806FE638362F}.AppStore|Mixed Platforms.Build.0 = Release|x86
		{7B4291F3-DDE6-4580-96D6-806FE638362F}.AppStore|Mixed Platforms.Deploy.0 = Release|x86
		{7B4291F3-DDE6-4580-96D6-806FE638362F}.AppStore|x64.ActiveCfg = Release|Any CPU
		{7B4291F3-DDE6-4580-96D6-806FE638362F}.AppStore|x86.ActiveCfg = Release|x86
		{7B4291F3-DDE6-4580-96D6-806FE638362F}.AppStore|x86.Build.0 = Release|x86
		{7B4291F3-DDE6-4580-96D6-806FE638362F}.AppStore|x86.Deploy.0 = Release|x86
		{7B4291F3-DDE6-4580-96D6-806FE638362F}.Debug|Any CPU.ActiveCfg = Debug|Any CPU
		{7B4291F3-DDE6-4580-96D6-806FE638362F}.Debug|Any CPU.Build.0 = Debug|Any CPU
		{7B4291F3-DDE6-4580-96D6-806FE638362F}.Debug|Any CPU.Deploy.0 = Debug|Any CPU
		{7B4291F3-DDE6-4580-96D6-806FE638362F}.Debug|ARM.ActiveCfg = Debug|ARM
		{7B4291F3-DDE6-4580-96D6-806FE638362F}.Debug|ARM.Build.0 = Debug|ARM
		{7B4291F3-DDE6-4580-96D6-806FE638362F}.Debug|ARM.Deploy.0 = Debug|ARM
		{7B4291F3-DDE6-4580-96D6-806FE638362F}.Debug|iPhone.ActiveCfg = Debug|Any CPU
		{7B4291F3-DDE6-4580-96D6-806FE638362F}.Debug|iPhoneSimulator.ActiveCfg = Debug|Any CPU
		{7B4291F3-DDE6-4580-96D6-806FE638362F}.Debug|Mixed Platforms.ActiveCfg = Debug|x86
		{7B4291F3-DDE6-4580-96D6-806FE638362F}.Debug|Mixed Platforms.Build.0 = Debug|x86
		{7B4291F3-DDE6-4580-96D6-806FE638362F}.Debug|Mixed Platforms.Deploy.0 = Debug|x86
		{7B4291F3-DDE6-4580-96D6-806FE638362F}.Debug|x64.ActiveCfg = Debug|Any CPU
		{7B4291F3-DDE6-4580-96D6-806FE638362F}.Debug|x86.ActiveCfg = Debug|x86
		{7B4291F3-DDE6-4580-96D6-806FE638362F}.Debug|x86.Build.0 = Debug|x86
		{7B4291F3-DDE6-4580-96D6-806FE638362F}.Debug|x86.Deploy.0 = Debug|x86
		{7B4291F3-DDE6-4580-96D6-806FE638362F}.Release|Any CPU.ActiveCfg = Release|Any CPU
		{7B4291F3-DDE6-4580-96D6-806FE638362F}.Release|Any CPU.Build.0 = Release|Any CPU
		{7B4291F3-DDE6-4580-96D6-806FE638362F}.Release|Any CPU.Deploy.0 = Release|Any CPU
		{7B4291F3-DDE6-4580-96D6-806FE638362F}.Release|ARM.ActiveCfg = Release|ARM
		{7B4291F3-DDE6-4580-96D6-806FE638362F}.Release|ARM.Build.0 = Release|ARM
		{7B4291F3-DDE6-4580-96D6-806FE638362F}.Release|ARM.Deploy.0 = Release|ARM
		{7B4291F3-DDE6-4580-96D6-806FE638362F}.Release|iPhone.ActiveCfg = Release|Any CPU
		{7B4291F3-DDE6-4580-96D6-806FE638362F}.Release|iPhoneSimulator.ActiveCfg = Release|Any CPU
		{7B4291F3-DDE6-4580-96D6-806FE638362F}.Release|Mixed Platforms.ActiveCfg = Release|x86
		{7B4291F3-DDE6-4580-96D6-806FE638362F}.Release|Mixed Platforms.Build.0 = Release|x86
		{7B4291F3-DDE6-4580-96D6-806FE638362F}.Release|Mixed Platforms.Deploy.0 = Release|x86
		{7B4291F3-DDE6-4580-96D6-806FE638362F}.Release|x64.ActiveCfg = Release|Any CPU
		{7B4291F3-DDE6-4580-96D6-806FE638362F}.Release|x86.ActiveCfg = Release|x86
		{7B4291F3-DDE6-4580-96D6-806FE638362F}.Release|x86.Build.0 = Release|x86
		{7B4291F3-DDE6-4580-96D6-806FE638362F}.Release|x86.Deploy.0 = Release|x86
		{D0C50657-6AF3-438A-A7E5-42A67BB17909}.Ad-Hoc|Any CPU.ActiveCfg = Release|Any CPU
		{D0C50657-6AF3-438A-A7E5-42A67BB17909}.Ad-Hoc|Any CPU.Build.0 = Release|Any CPU
		{D0C50657-6AF3-438A-A7E5-42A67BB17909}.Ad-Hoc|Any CPU.Deploy.0 = Release|Any CPU
		{D0C50657-6AF3-438A-A7E5-42A67BB17909}.Ad-Hoc|ARM.ActiveCfg = Release|ARM
		{D0C50657-6AF3-438A-A7E5-42A67BB17909}.Ad-Hoc|ARM.Build.0 = Release|ARM
		{D0C50657-6AF3-438A-A7E5-42A67BB17909}.Ad-Hoc|ARM.Deploy.0 = Release|ARM
		{D0C50657-6AF3-438A-A7E5-42A67BB17909}.Ad-Hoc|iPhone.ActiveCfg = Release|Any CPU
		{D0C50657-6AF3-438A-A7E5-42A67BB17909}.Ad-Hoc|iPhoneSimulator.ActiveCfg = Release|Any CPU
		{D0C50657-6AF3-438A-A7E5-42A67BB17909}.Ad-Hoc|Mixed Platforms.ActiveCfg = Release|x86
		{D0C50657-6AF3-438A-A7E5-42A67BB17909}.Ad-Hoc|Mixed Platforms.Build.0 = Release|x86
		{D0C50657-6AF3-438A-A7E5-42A67BB17909}.Ad-Hoc|Mixed Platforms.Deploy.0 = Release|x86
		{D0C50657-6AF3-438A-A7E5-42A67BB17909}.Ad-Hoc|x64.ActiveCfg = Release|x64
		{D0C50657-6AF3-438A-A7E5-42A67BB17909}.Ad-Hoc|x64.Build.0 = Release|x64
		{D0C50657-6AF3-438A-A7E5-42A67BB17909}.Ad-Hoc|x64.Deploy.0 = Release|x64
		{D0C50657-6AF3-438A-A7E5-42A67BB17909}.Ad-Hoc|x86.ActiveCfg = Release|x86
		{D0C50657-6AF3-438A-A7E5-42A67BB17909}.Ad-Hoc|x86.Build.0 = Release|x86
		{D0C50657-6AF3-438A-A7E5-42A67BB17909}.Ad-Hoc|x86.Deploy.0 = Release|x86
		{D0C50657-6AF3-438A-A7E5-42A67BB17909}.AppStore|Any CPU.ActiveCfg = Release|Any CPU
		{D0C50657-6AF3-438A-A7E5-42A67BB17909}.AppStore|Any CPU.Build.0 = Release|Any CPU
		{D0C50657-6AF3-438A-A7E5-42A67BB17909}.AppStore|Any CPU.Deploy.0 = Release|Any CPU
		{D0C50657-6AF3-438A-A7E5-42A67BB17909}.AppStore|ARM.ActiveCfg = Release|ARM
		{D0C50657-6AF3-438A-A7E5-42A67BB17909}.AppStore|ARM.Build.0 = Release|ARM
		{D0C50657-6AF3-438A-A7E5-42A67BB17909}.AppStore|ARM.Deploy.0 = Release|ARM
		{D0C50657-6AF3-438A-A7E5-42A67BB17909}.AppStore|iPhone.ActiveCfg = Release|Any CPU
		{D0C50657-6AF3-438A-A7E5-42A67BB17909}.AppStore|iPhoneSimulator.ActiveCfg = Release|Any CPU
		{D0C50657-6AF3-438A-A7E5-42A67BB17909}.AppStore|Mixed Platforms.ActiveCfg = Release|x86
		{D0C50657-6AF3-438A-A7E5-42A67BB17909}.AppStore|Mixed Platforms.Build.0 = Release|x86
		{D0C50657-6AF3-438A-A7E5-42A67BB17909}.AppStore|Mixed Platforms.Deploy.0 = Release|x86
		{D0C50657-6AF3-438A-A7E5-42A67BB17909}.AppStore|x64.ActiveCfg = Release|x64
		{D0C50657-6AF3-438A-A7E5-42A67BB17909}.AppStore|x64.Build.0 = Release|x64
		{D0C50657-6AF3-438A-A7E5-42A67BB17909}.AppStore|x64.Deploy.0 = Release|x64
		{D0C50657-6AF3-438A-A7E5-42A67BB17909}.AppStore|x86.ActiveCfg = Release|x86
		{D0C50657-6AF3-438A-A7E5-42A67BB17909}.AppStore|x86.Build.0 = Release|x86
		{D0C50657-6AF3-438A-A7E5-42A67BB17909}.AppStore|x86.Deploy.0 = Release|x86
		{D0C50657-6AF3-438A-A7E5-42A67BB17909}.Debug|Any CPU.ActiveCfg = Debug|Any CPU
		{D0C50657-6AF3-438A-A7E5-42A67BB17909}.Debug|Any CPU.Build.0 = Debug|Any CPU
		{D0C50657-6AF3-438A-A7E5-42A67BB17909}.Debug|Any CPU.Deploy.0 = Debug|Any CPU
		{D0C50657-6AF3-438A-A7E5-42A67BB17909}.Debug|ARM.ActiveCfg = Debug|ARM
		{D0C50657-6AF3-438A-A7E5-42A67BB17909}.Debug|ARM.Build.0 = Debug|ARM
		{D0C50657-6AF3-438A-A7E5-42A67BB17909}.Debug|ARM.Deploy.0 = Debug|ARM
		{D0C50657-6AF3-438A-A7E5-42A67BB17909}.Debug|iPhone.ActiveCfg = Debug|Any CPU
		{D0C50657-6AF3-438A-A7E5-42A67BB17909}.Debug|iPhoneSimulator.ActiveCfg = Debug|Any CPU
		{D0C50657-6AF3-438A-A7E5-42A67BB17909}.Debug|Mixed Platforms.ActiveCfg = Debug|x86
		{D0C50657-6AF3-438A-A7E5-42A67BB17909}.Debug|Mixed Platforms.Build.0 = Debug|x86
		{D0C50657-6AF3-438A-A7E5-42A67BB17909}.Debug|Mixed Platforms.Deploy.0 = Debug|x86
		{D0C50657-6AF3-438A-A7E5-42A67BB17909}.Debug|x64.ActiveCfg = Debug|x64
		{D0C50657-6AF3-438A-A7E5-42A67BB17909}.Debug|x64.Build.0 = Debug|x64
		{D0C50657-6AF3-438A-A7E5-42A67BB17909}.Debug|x64.Deploy.0 = Debug|x64
		{D0C50657-6AF3-438A-A7E5-42A67BB17909}.Debug|x86.ActiveCfg = Debug|x86
		{D0C50657-6AF3-438A-A7E5-42A67BB17909}.Debug|x86.Build.0 = Debug|x86
		{D0C50657-6AF3-438A-A7E5-42A67BB17909}.Debug|x86.Deploy.0 = Debug|x86
		{D0C50657-6AF3-438A-A7E5-42A67BB17909}.Release|Any CPU.ActiveCfg = Release|Any CPU
		{D0C50657-6AF3-438A-A7E5-42A67BB17909}.Release|Any CPU.Build.0 = Release|Any CPU
		{D0C50657-6AF3-438A-A7E5-42A67BB17909}.Release|Any CPU.Deploy.0 = Release|Any CPU
		{D0C50657-6AF3-438A-A7E5-42A67BB17909}.Release|ARM.ActiveCfg = Release|ARM
		{D0C50657-6AF3-438A-A7E5-42A67BB17909}.Release|ARM.Build.0 = Release|ARM
		{D0C50657-6AF3-438A-A7E5-42A67BB17909}.Release|ARM.Deploy.0 = Release|ARM
		{D0C50657-6AF3-438A-A7E5-42A67BB17909}.Release|iPhone.ActiveCfg = Release|Any CPU
		{D0C50657-6AF3-438A-A7E5-42A67BB17909}.Release|iPhoneSimulator.ActiveCfg = Release|Any CPU
		{D0C50657-6AF3-438A-A7E5-42A67BB17909}.Release|Mixed Platforms.ActiveCfg = Release|x86
		{D0C50657-6AF3-438A-A7E5-42A67BB17909}.Release|Mixed Platforms.Build.0 = Release|x86
		{D0C50657-6AF3-438A-A7E5-42A67BB17909}.Release|Mixed Platforms.Deploy.0 = Release|x86
		{D0C50657-6AF3-438A-A7E5-42A67BB17909}.Release|x64.ActiveCfg = Release|x64
		{D0C50657-6AF3-438A-A7E5-42A67BB17909}.Release|x64.Build.0 = Release|x64
		{D0C50657-6AF3-438A-A7E5-42A67BB17909}.Release|x64.Deploy.0 = Release|x64
		{D0C50657-6AF3-438A-A7E5-42A67BB17909}.Release|x86.ActiveCfg = Release|x86
		{D0C50657-6AF3-438A-A7E5-42A67BB17909}.Release|x86.Build.0 = Release|x86
		{D0C50657-6AF3-438A-A7E5-42A67BB17909}.Release|x86.Deploy.0 = Release|x86
		{2ACEF4AE-AA2A-423B-87CC-C18C7BAEC2EE}.Ad-Hoc|Any CPU.ActiveCfg = Release|Any CPU
		{2ACEF4AE-AA2A-423B-87CC-C18C7BAEC2EE}.Ad-Hoc|Any CPU.Build.0 = Release|Any CPU
		{2ACEF4AE-AA2A-423B-87CC-C18C7BAEC2EE}.Ad-Hoc|ARM.ActiveCfg = Release|Any CPU
		{2ACEF4AE-AA2A-423B-87CC-C18C7BAEC2EE}.Ad-Hoc|iPhone.ActiveCfg = Release|Any CPU
		{2ACEF4AE-AA2A-423B-87CC-C18C7BAEC2EE}.Ad-Hoc|iPhone.Build.0 = Release|Any CPU
		{2ACEF4AE-AA2A-423B-87CC-C18C7BAEC2EE}.Ad-Hoc|iPhoneSimulator.ActiveCfg = Release|Any CPU
		{2ACEF4AE-AA2A-423B-87CC-C18C7BAEC2EE}.Ad-Hoc|iPhoneSimulator.Build.0 = Release|Any CPU
		{2ACEF4AE-AA2A-423B-87CC-C18C7BAEC2EE}.Ad-Hoc|Mixed Platforms.ActiveCfg = Release|Any CPU
		{2ACEF4AE-AA2A-423B-87CC-C18C7BAEC2EE}.Ad-Hoc|Mixed Platforms.Build.0 = Release|Any CPU
		{2ACEF4AE-AA2A-423B-87CC-C18C7BAEC2EE}.Ad-Hoc|x64.ActiveCfg = Release|Any CPU
		{2ACEF4AE-AA2A-423B-87CC-C18C7BAEC2EE}.Ad-Hoc|x86.ActiveCfg = Release|Any CPU
		{2ACEF4AE-AA2A-423B-87CC-C18C7BAEC2EE}.AppStore|Any CPU.ActiveCfg = Release|Any CPU
		{2ACEF4AE-AA2A-423B-87CC-C18C7BAEC2EE}.AppStore|Any CPU.Build.0 = Release|Any CPU
		{2ACEF4AE-AA2A-423B-87CC-C18C7BAEC2EE}.AppStore|ARM.ActiveCfg = Release|Any CPU
		{2ACEF4AE-AA2A-423B-87CC-C18C7BAEC2EE}.AppStore|iPhone.ActiveCfg = Release|Any CPU
		{2ACEF4AE-AA2A-423B-87CC-C18C7BAEC2EE}.AppStore|iPhone.Build.0 = Release|Any CPU
		{2ACEF4AE-AA2A-423B-87CC-C18C7BAEC2EE}.AppStore|iPhoneSimulator.ActiveCfg = Release|Any CPU
		{2ACEF4AE-AA2A-423B-87CC-C18C7BAEC2EE}.AppStore|iPhoneSimulator.Build.0 = Release|Any CPU
		{2ACEF4AE-AA2A-423B-87CC-C18C7BAEC2EE}.AppStore|Mixed Platforms.ActiveCfg = Release|Any CPU
		{2ACEF4AE-AA2A-423B-87CC-C18C7BAEC2EE}.AppStore|Mixed Platforms.Build.0 = Release|Any CPU
		{2ACEF4AE-AA2A-423B-87CC-C18C7BAEC2EE}.AppStore|x64.ActiveCfg = Release|Any CPU
		{2ACEF4AE-AA2A-423B-87CC-C18C7BAEC2EE}.AppStore|x86.ActiveCfg = Release|Any CPU
		{2ACEF4AE-AA2A-423B-87CC-C18C7BAEC2EE}.Debug|Any CPU.ActiveCfg = Debug|Any CPU
		{2ACEF4AE-AA2A-423B-87CC-C18C7BAEC2EE}.Debug|Any CPU.Build.0 = Debug|Any CPU
		{2ACEF4AE-AA2A-423B-87CC-C18C7BAEC2EE}.Debug|ARM.ActiveCfg = Debug|Any CPU
		{2ACEF4AE-AA2A-423B-87CC-C18C7BAEC2EE}.Debug|iPhone.ActiveCfg = Debug|Any CPU
		{2ACEF4AE-AA2A-423B-87CC-C18C7BAEC2EE}.Debug|iPhone.Build.0 = Debug|Any CPU
		{2ACEF4AE-AA2A-423B-87CC-C18C7BAEC2EE}.Debug|iPhoneSimulator.ActiveCfg = Debug|Any CPU
		{2ACEF4AE-AA2A-423B-87CC-C18C7BAEC2EE}.Debug|iPhoneSimulator.Build.0 = Debug|Any CPU
		{2ACEF4AE-AA2A-423B-87CC-C18C7BAEC2EE}.Debug|Mixed Platforms.ActiveCfg = Debug|Any CPU
		{2ACEF4AE-AA2A-423B-87CC-C18C7BAEC2EE}.Debug|Mixed Platforms.Build.0 = Debug|Any CPU
		{2ACEF4AE-AA2A-423B-87CC-C18C7BAEC2EE}.Debug|x64.ActiveCfg = Debug|Any CPU
		{2ACEF4AE-AA2A-423B-87CC-C18C7BAEC2EE}.Debug|x86.ActiveCfg = Debug|Any CPU
		{2ACEF4AE-AA2A-423B-87CC-C18C7BAEC2EE}.Release|Any CPU.ActiveCfg = Release|Any CPU
		{2ACEF4AE-AA2A-423B-87CC-C18C7BAEC2EE}.Release|Any CPU.Build.0 = Release|Any CPU
		{2ACEF4AE-AA2A-423B-87CC-C18C7BAEC2EE}.Release|ARM.ActiveCfg = Release|Any CPU
		{2ACEF4AE-AA2A-423B-87CC-C18C7BAEC2EE}.Release|iPhone.ActiveCfg = Release|Any CPU
		{2ACEF4AE-AA2A-423B-87CC-C18C7BAEC2EE}.Release|iPhone.Build.0 = Release|Any CPU
		{2ACEF4AE-AA2A-423B-87CC-C18C7BAEC2EE}.Release|iPhoneSimulator.ActiveCfg = Release|Any CPU
		{2ACEF4AE-AA2A-423B-87CC-C18C7BAEC2EE}.Release|iPhoneSimulator.Build.0 = Release|Any CPU
		{2ACEF4AE-AA2A-423B-87CC-C18C7BAEC2EE}.Release|Mixed Platforms.ActiveCfg = Release|Any CPU
		{2ACEF4AE-AA2A-423B-87CC-C18C7BAEC2EE}.Release|Mixed Platforms.Build.0 = Release|Any CPU
		{2ACEF4AE-AA2A-423B-87CC-C18C7BAEC2EE}.Release|x64.ActiveCfg = Release|Any CPU
		{2ACEF4AE-AA2A-423B-87CC-C18C7BAEC2EE}.Release|x86.ActiveCfg = Release|Any CPU
	EndGlobalSection
	GlobalSection(SolutionProperties) = preSolution
		HideSolutionNode = FALSE
	EndGlobalSection
EndGlobal
